<?xml version="1.0" encoding="utf-8"?>
<Project ToolsVersion="4.0" xmlns="http://schemas.microsoft.com/developer/msbuild/2003">
  <ItemGroup>
    <Filter Include="源文件">
      <UniqueIdentifier>{4FC737F1-C7A5-4376-A066-2A32D752A2FF}</UniqueIdentifier>
      <Extensions>cpp;c;cc;cxx;def;odl;idl;hpj;bat;asm;asmx</Extensions>
    </Filter>
    <Filter Include="头文件">
      <UniqueIdentifier>{93995380-89BD-4b04-88EB-625FBE52EBFB}</UniqueIdentifier>
      <Extensions>h;hh;hpp;hxx;hm;inl;inc;xsd</Extensions>
    </Filter>
    <Filter Include="资源文件">
      <UniqueIdentifier>{67DA6AB6-F800-4c08-8B7A-83BB121AAD01}</UniqueIdentifier>
      <Extensions>rc;ico;cur;bmp;dlg;rc2;rct;bin;rgs;gif;jpg;jpeg;jpe;resx;tiff;tif;png;wav;mfcribbon-ms</Extensions>
    </Filter>
  </ItemGroup>
  <ItemGroup>
    <Text Include="ReadMe.txt" />
  </ItemGroup>
  <ItemGroup>
    <ClInclude Include="stdafx.h">
      <Filter>头文件</Filter>
    </ClInclude>
    <ClInclude Include="targetver.h">
      <Filter>头文件</Filter>
    </ClInclude>
    <ClInclude Include="hn2dPointDef.h">
      <Filter>头文件</Filter>
    </ClInclude>
    <ClInclude Include="hn3dPointDef.h">
      <Filter>头文件</Filter>
    </ClInclude>
    <ClInclude Include="hnPointType.h">
      <Filter>头文件</Filter>
    </ClInclude>
    <ClInclude Include="hnPointXYZIDef.h">
      <Filter>头文件</Filter>
    </ClInclude>
    <ClInclude Include="hnRoadTypeDef.h">
      <Filter>头文件</Filter>
    </ClInclude>
    <ClInclude Include="hnRoadStruct.h">
      <Filter>头文件</Filter>
    </ClInclude>
    <ClInclude Include="hnCommonDef.h">
      <Filter>头文件</Filter>
    </ClInclude>
    <ClInclude Include="hnCompare.h">
      <Filter>头文件</Filter>
    </ClInclude>
    <ClInclude Include="hnCloudDef.h">
      <Filter>头文件</Filter>
    </ClInclude>
    <ClInclude Include="hnMatrix.h">
      <Filter>头文件</Filter>
    </ClInclude>
    <ClInclude Include="hnColorRamp.h">
      <Filter>头文件</Filter>
    </ClInclude>
    <ClInclude Include="hnTypeDefs.h">
      <Filter>头文件</Filter>
    </ClInclude>
    <ClInclude Include="hnRoadSysParamDef.h">
      <Filter>头文件</Filter>
    </ClInclude>
    <ClInclude Include="hnRoadConfig.h">
      <Filter>头文件</Filter>
    </ClInclude>
    <ClInclude Include="hnRect.h">
      <Filter>头文件</Filter>
    </ClInclude>
    <ClInclude Include="hn2dPointWithMile.h">
      <Filter>头文件</Filter>
    </ClInclude>
    <ClInclude Include="hn3dPointWithMile.h">
      <Filter>头文件</Filter>
    </ClInclude>
    <ClInclude Include="hn3dRect.h">
      <Filter>头文件</Filter>
    </ClInclude>
    <ClInclude Include="hnCommonFun.h">
      <Filter>头文件</Filter>
    </ClInclude>
    <ClInclude Include="hn3dDiseaseDef.h">
      <Filter>头文件</Filter>
    </ClInclude>
    <ClInclude Include="hn2dDiseaseDef.h">
      <Filter>头文件</Filter>
    </ClInclude>
  </ItemGroup>
  <ItemGroup>
    <ClCompile Include="stdafx.cpp">
      <Filter>源文件</Filter>
    </ClCompile>
    <ClCompile Include="dllmain.cpp">
      <Filter>源文件</Filter>
    </ClCompile>
    <ClCompile Include="hnCompare.cpp">
      <Filter>源文件</Filter>
    </ClCompile>
    <ClCompile Include="hnMatrix.cpp">
      <Filter>源文件</Filter>
    </ClCompile>
    <ClCompile Include="hnColorRamp.cpp">
      <Filter>源文件</Filter>
    </ClCompile>
    <ClCompile Include="hnRoadConfig.cpp">
      <Filter>源文件</Filter>
    </ClCompile>
    <ClCompile Include="hnCommonFun.cpp">
      <Filter>源文件</Filter>
    </ClCompile>
  </ItemGroup>
</Project>